
Microsoft Visual Studio Solution File, Format Version 12.00
# Visual Studio Version 17
VisualStudioVersion = 17.14.36511.14
MinimumVisualStudioVersion = 10.0.40219.1
Project("{FAE04EC0-301F-11D3-BF4B-00C04F79EFBC}") = "RestaurantOrderManager", "RestaurantOrderManager\RestaurantOrderManager.csproj", "{5DC0F6EA-AB2A-4F3D-A01D-F86414053098}"
EndProject
Project("{FAE04EC0-301F-11D3-BF4B-00C04F79EFBC}") = "RestaurantOrderManager.Api", "RestaurantOrderManager.Api\RestaurantOrderManager.Api.csproj", "{A36C5C0B-3817-4A62-AFED-64655BBA3917}"
EndProject
Project("{FAE04EC0-301F-11D3-BF4B-00C04F79EFBC}") = "RestaurantOrderManager.Shared", "RestaurantOrderManager.Shared\RestaurantOrderManager.Shared.csproj", "{3B107F7C-CF89-4018-813A-F2762635B6FF}"
EndProject
Global
	GlobalSection(SolutionConfigurationPlatforms) = preSolution
		Debug|Any CPU = Debug|Any CPU
		Release|Any CPU = Release|Any CPU
	EndGlobalSection
	GlobalSection(ProjectConfigurationPlatforms) = postSolution
		{5DC0F6EA-AB2A-4F3D-A01D-F86414053098}.Debug|Any CPU.ActiveCfg = Debug|Any CPU
		{5DC0F6EA-AB2A-4F3D-A01D-F86414053098}.Debug|Any CPU.Build.0 = Debug|Any CPU
		{5DC0F6EA-AB2A-4F3D-A01D-F86414053098}.Release|Any CPU.ActiveCfg = Release|Any CPU
		{5DC0F6EA-AB2A-4F3D-A01D-F86414053098}.Release|Any CPU.Build.0 = Release|Any CPU
		{A36C5C0B-3817-4A62-AFED-64655BBA3917}.Debug|Any CPU.ActiveCfg = Debug|Any CPU
		{A36C5C0B-3817-4A62-AFED-64655BBA3917}.Debug|Any CPU.Build.0 = Debug|Any CPU
		{A36C5C0B-3817-4A62-AFED-64655BBA3917}.Release|Any CPU.ActiveCfg = Release|Any CPU
		{A36C5C0B-3817-4A62-AFED-64655BBA3917}.Release|Any CPU.Build.0 = Release|Any CPU
		{3B107F7C-CF89-4018-813A-F2762635B6FF}.Debug|Any CPU.ActiveCfg = Debug|Any CPU
		{3B107F7C-CF89-4018-813A-F2762635B6FF}.Debug|Any CPU.Build.0 = Debug|Any CPU
		{3B107F7C-CF89-4018-813A-F2762635B6FF}.Release|Any CPU.ActiveCfg = Release|Any CPU
		{3B107F7C-CF89-4018-813A-F2762635B6FF}.Release|Any CPU.Build.0 = Release|Any CPU
	EndGlobalSection
	GlobalSection(SolutionProperties) = preSolution
		HideSolutionNode = FALSE
	EndGlobalSection
	GlobalSection(ExtensibilityGlobals) = postSolution
		SolutionGuid = {B71EF5B8-5299-4CC4-9240-BE448ECDBD85}
	EndGlobalSection
EndGlobal
